
Microsoft Visual Studio Solution File, Format Version 12.00
# Visual Studio Version 17
VisualStudioVersion = 17.7.34031.279
MinimumVisualStudioVersion = 10.0.40219.1
Project("{9A19103F-16F7-4668-BE54-9A1E7A4F7556}") = "Taskify", "Taskify.csproj", "{524E264D-9891-4F30-99D2-E53F5B0017C1}"
EndProject
Project("{2150E333-8FDC-42A3-9474-1A3956D46DE8}") = "Solution Items", "Solution Items", "{FC5FD4F9-015C-4939-8AF7-9AE831093D42}"
	ProjectSection(SolutionItems) = preProject
		.editorconfig = .editorconfig
	EndProjectSection
EndProject
Global
	GlobalSection(SolutionConfigurationPlatforms) = preSolution
		Debug|Any CPU = Debug|Any CPU
		Release|Any CPU = Release|Any CPU
	EndGlobalSection
	GlobalSection(ProjectConfigurationPlatforms) = postSolution
		{524E264D-9891-4F30-99D2-E53F5B0017C1}.Debug|Any CPU.ActiveCfg = Debug|Any CPU
		{524E264D-9891-4F30-99D2-E53F5B0017C1}.Debug|Any CPU.Build.0 = Debug|Any CPU
		{524E264D-9891-4F30-99D2-E53F5B0017C1}.Release|Any CPU.ActiveCfg = Release|Any CPU
		{524E264D-9891-4F30-99D2-E53F5B0017C1}.Release|Any CPU.Build.0 = Release|Any CPU
	EndGlobalSection
	GlobalSection(SolutionProperties) = preSolution
		HideSolutionNode = FALSE
	EndGlobalSection
	GlobalSection(ExtensibilityGlobals) = postSolution
		SolutionGuid = {81768574-7372-43B2-AB31-491E15E3CF94}
	EndGlobalSection
EndGlobal
